// !$*UTF8*$!
{
	archiveVersion = 1;
	classes = {
	};
	objectVersion = 55;
	objects = {

/* Begin PBXBuildFile section */
		DB44C1B7278034EE008A0BAA /* FindRApp.swift in Sources */ = {isa = PBXBuildFile; fileRef = DB44C1B6278034EE008A0BAA /* FindRApp.swift */; };
		DB44C1B9278034EE008A0BAA /* ContentView.swift in Sources */ = {isa = PBXBuildFile; fileRef = DB44C1B8278034EE008A0BAA /* ContentView.swift */; };
		DB44C1BB278034F0008A0BAA /* Assets.xcassets in Resources */ = {isa = PBXBuildFile; fileRef = DB44C1BA278034F0008A0BAA /* Assets.xcassets */; };
		DB44C1BE278034F0008A0BAA /* Preview Assets.xcassets in Resources */ = {isa = PBXBuildFile; fileRef = DB44C1BD278034F0008A0BAA /* Preview Assets.xcassets */; };
		DB44C1C8278034F0008A0BAA /* FindRTests.swift in Sources */ = {isa = PBXBuildFile; fileRef = DB44C1C7278034F0008A0BAA /* FindRTests.swift */; };
		DB44C1D2278034F0008A0BAA /* FindRUITests.swift in Sources */ = {isa = PBXBuildFile; fileRef = DB44C1D1278034F0008A0BAA /* FindRUITests.swift */; };
		DB44C1D4278034F0008A0BAA /* FindRUITestsLaunchTests.swift in Sources */ = {isa = PBXBuildFile; fileRef = DB44C1D3278034F0008A0BAA /* FindRUITestsLaunchTests.swift */; };
		DB44C1E227803AA1008A0BAA /* FirebaseAnalytics in Frameworks */ = {isa = PBXBuildFile; productRef = DB44C1E127803AA1008A0BAA /* FirebaseAnalytics */; };
		DB44C1E427803AA1008A0BAA /* FirebaseAnalyticsSwift-Beta in Frameworks */ = {isa = PBXBuildFile; productRef = DB44C1E327803AA1008A0BAA /* FirebaseAnalyticsSwift-Beta */; };
		DB44C1E627803AA1008A0BAA /* FirebaseAnalyticsWithoutAdIdSupport in Frameworks */ = {isa = PBXBuildFile; productRef = DB44C1E527803AA1008A0BAA /* FirebaseAnalyticsWithoutAdIdSupport */; };
		DB44C1E827803AA1008A0BAA /* FirebaseAppCheck in Frameworks */ = {isa = PBXBuildFile; productRef = DB44C1E727803AA1008A0BAA /* FirebaseAppCheck */; };
		DB44C1EA27803AA1008A0BAA /* FirebaseAuth in Frameworks */ = {isa = PBXBuildFile; productRef = DB44C1E927803AA1008A0BAA /* FirebaseAuth */; };
		DB44C1EC27803AA1008A0BAA /* FirebaseAuthCombine-Community in Frameworks */ = {isa = PBXBuildFile; productRef = DB44C1EB27803AA1008A0BAA /* FirebaseAuthCombine-Community */; };
		DB44C1EE27803AA1008A0BAA /* FirebaseDatabase in Frameworks */ = {isa = PBXBuildFile; productRef = DB44C1ED27803AA1008A0BAA /* FirebaseDatabase */; };
		DB44C1F027803AA1008A0BAA /* FirebaseDatabaseSwift-Beta in Frameworks */ = {isa = PBXBuildFile; productRef = DB44C1EF27803AA1008A0BAA /* FirebaseDatabaseSwift-Beta */; };
		DB44C1F227803AA1008A0BAA /* FirebaseDynamicLinks in Frameworks */ = {isa = PBXBuildFile; productRef = DB44C1F127803AA1008A0BAA /* FirebaseDynamicLinks */; };
		DB44C1F427803AA1008A0BAA /* FirebaseFirestore in Frameworks */ = {isa = PBXBuildFile; productRef = DB44C1F327803AA1008A0BAA /* FirebaseFirestore */; };
		DB44C1F627803AA1008A0BAA /* FirebaseFirestoreCombine-Community in Frameworks */ = {isa = PBXBuildFile; productRef = DB44C1F527803AA1008A0BAA /* FirebaseFirestoreCombine-Community */; };
		DB44C1F827803AA1008A0BAA /* FirebaseFirestoreSwift-Beta in Frameworks */ = {isa = PBXBuildFile; productRef = DB44C1F727803AA1008A0BAA /* FirebaseFirestoreSwift-Beta */; };
		DB44C1FA27803AA1008A0BAA /* FirebaseFunctionsCombine-Community in Frameworks */ = {isa = PBXBuildFile; productRef = DB44C1F927803AA1008A0BAA /* FirebaseFunctionsCombine-Community */; };
		DB44C1FC27803AA1008A0BAA /* FirebaseFunctionsSwift-Beta in Frameworks */ = {isa = PBXBuildFile; productRef = DB44C1FB27803AA1008A0BAA /* FirebaseFunctionsSwift-Beta */; };
		DB44C1FE27803AA1008A0BAA /* FirebaseInAppMessaging-Beta in Frameworks */ = {isa = PBXBuildFile; productRef = DB44C1FD27803AA1008A0BAA /* FirebaseInAppMessaging-Beta */; };
		DB44C20027803AA1008A0BAA /* FirebaseMessaging in Frameworks */ = {isa = PBXBuildFile; productRef = DB44C1FF27803AA1008A0BAA /* FirebaseMessaging */; };
		DB44C20227803AA1008A0BAA /* FirebasePerformance in Frameworks */ = {isa = PBXBuildFile; productRef = DB44C20127803AA1008A0BAA /* FirebasePerformance */; };
		DB44C20427803AA1008A0BAA /* FirebaseStorage in Frameworks */ = {isa = PBXBuildFile; productRef = DB44C20327803AA1008A0BAA /* FirebaseStorage */; };
		DB44C20627803AA1008A0BAA /* FirebaseStorageCombine-Community in Frameworks */ = {isa = PBXBuildFile; productRef = DB44C20527803AA1008A0BAA /* FirebaseStorageCombine-Community */; };
		DB44C20827803AA1008A0BAA /* FirebaseStorageSwift-Beta in Frameworks */ = {isa = PBXBuildFile; productRef = DB44C20727803AA1008A0BAA /* FirebaseStorageSwift-Beta */; };
		DB44C20B27803ADC008A0BAA /* SDWebImageSwiftUI in Frameworks */ = {isa = PBXBuildFile; productRef = DB44C20A27803ADC008A0BAA /* SDWebImageSwiftUI */; };
		DB44C20D27803F88008A0BAA /* ChatUser.swift in Sources */ = {isa = PBXBuildFile; fileRef = DB44C20C27803F87008A0BAA /* ChatUser.swift */; };
		DB44C20F27803F8E008A0BAA /* ChatMessage.swift in Sources */ = {isa = PBXBuildFile; fileRef = DB44C20E27803F8E008A0BAA /* ChatMessage.swift */; };
		DB44C21127803F93008A0BAA /* RecentMessage.swift in Sources */ = {isa = PBXBuildFile; fileRef = DB44C21027803F93008A0BAA /* RecentMessage.swift */; };
		DB44C21427803FA5008A0BAA /* FirebaseManager.swift in Sources */ = {isa = PBXBuildFile; fileRef = DB44C21327803FA5008A0BAA /* FirebaseManager.swift */; };
		DB44C21627803FAB008A0BAA /* FirebaseConstants.swift in Sources */ = {isa = PBXBuildFile; fileRef = DB44C21527803FAB008A0BAA /* FirebaseConstants.swift */; };
		DB44C21927803FC0008A0BAA /* MainMessagesView.swift in Sources */ = {isa = PBXBuildFile; fileRef = DB44C21827803FC0008A0BAA /* MainMessagesView.swift */; };
		DB44C21B27803FC6008A0BAA /* UserInfoView.swift in Sources */ = {isa = PBXBuildFile; fileRef = DB44C21A27803FC6008A0BAA /* UserInfoView.swift */; };
		DB44C21D27803FCC008A0BAA /* CreateNewMessageView.swift in Sources */ = {isa = PBXBuildFile; fileRef = DB44C21C27803FCC008A0BAA /* CreateNewMessageView.swift */; };
		DB44C21F27803FD4008A0BAA /* ChatLogView.swift in Sources */ = {isa = PBXBuildFile; fileRef = DB44C21E27803FD4008A0BAA /* ChatLogView.swift */; };
		DB44C22227803FEB008A0BAA /* LoginView.swift in Sources */ = {isa = PBXBuildFile; fileRef = DB44C22127803FEB008A0BAA /* LoginView.swift */; };
		DB44C22427804025008A0BAA /* GoogleService-Info.plist in Resources */ = {isa = PBXBuildFile; fileRef = DB44C22327804025008A0BAA /* GoogleService-Info.plist */; };
		DB44C226278040E4008A0BAA /* ImagePicker.swift in Sources */ = {isa = PBXBuildFile; fileRef = DB44C225278040E4008A0BAA /* ImagePicker.swift */; };
/* End PBXBuildFile section */

/* Begin PBXContainerItemProxy section */
		DB44C1C4278034F0008A0BAA /* PBXContainerItemProxy */ = {
			isa = PBXContainerItemProxy;
			containerPortal = DB44C1AB278034EE008A0BAA /* Project object */;
			proxyType = 1;
			remoteGlobalIDString = DB44C1B2278034EE008A0BAA;
			remoteInfo = FindR;
		};
		DB44C1CE278034F0008A0BAA /* PBXContainerItemProxy */ = {
			isa = PBXContainerItemProxy;
			containerPortal = DB44C1AB278034EE008A0BAA /* Project object */;
			proxyType = 1;
			remoteGlobalIDString = DB44C1B2278034EE008A0BAA;
			remoteInfo = FindR;
		};
/* End PBXContainerItemProxy section */

/* Begin PBXFileReference section */
		DB44C1B3278034EE008A0BAA /* FindR.app */ = {isa = PBXFileReference; explicitFileType = wrapper.application; includeInIndex = 0; path = FindR.app; sourceTree = BUILT_PRODUCTS_DIR; };
		DB44C1B6278034EE008A0BAA /* FindRApp.swift */ = {isa = PBXFileReference; lastKnownFileType = sourcecode.swift; path = FindRApp.swift; sourceTree = "<group>"; };
		DB44C1B8278034EE008A0BAA /* ContentView.swift */ = {isa = PBXFileReference; lastKnownFileType = sourcecode.swift; path = ContentView.swift; sourceTree = "<group>"; };
		DB44C1BA278034F0008A0BAA /* Assets.xcassets */ = {isa = PBXFileReference; lastKnownFileType = folder.assetcatalog; path = Assets.xcassets; sourceTree = "<group>"; };
		DB44C1BD278034F0008A0BAA /* Preview Assets.xcassets */ = {isa = PBXFileReference; lastKnownFileType = folder.assetcatalog; path = "Preview Assets.xcassets"; sourceTree = "<group>"; };
		DB44C1C3278034F0008A0BAA /* FindRTests.xctest */ = {isa = PBXFileReference; explicitFileType = wrapper.cfbundle; includeInIndex = 0; path = FindRTests.xctest; sourceTree = BUILT_PRODUCTS_DIR; };
		DB44C1C7278034F0008A0BAA /* FindRTests.swift */ = {isa = PBXFileReference; lastKnownFileType = sourcecode.swift; path = FindRTests.swift; sourceTree = "<group>"; };
		DB44C1CD278034F0008A0BAA /* FindRUITests.xctest */ = {isa = PBXFileReference; explicitFileType = wrapper.cfbundle; includeInIndex = 0; path = FindRUITests.xctest; sourceTree = BUILT_PRODUCTS_DIR; };
		DB44C1D1278034F0008A0BAA /* FindRUITests.swift */ = {isa = PBXFileReference; lastKnownFileType = sourcecode.swift; path = FindRUITests.swift; sourceTree = "<group>"; };
		DB44C1D3278034F0008A0BAA /* FindRUITestsLaunchTests.swift */ = {isa = PBXFileReference; lastKnownFileType = sourcecode.swift; path = FindRUITestsLaunchTests.swift; sourceTree = "<group>"; };
		DB44C20C27803F87008A0BAA /* ChatUser.swift */ = {isa = PBXFileReference; fileEncoding = 4; lastKnownFileType = sourcecode.swift; path = ChatUser.swift; sourceTree = "<group>"; };
		DB44C20E27803F8E008A0BAA /* ChatMessage.swift */ = {isa = PBXFileReference; fileEncoding = 4; lastKnownFileType = sourcecode.swift; path = ChatMessage.swift; sourceTree = "<group>"; };
		DB44C21027803F93008A0BAA /* RecentMessage.swift */ = {isa = PBXFileReference; fileEncoding = 4; lastKnownFileType = sourcecode.swift; path = RecentMessage.swift; sourceTree = "<group>"; };
		DB44C21327803FA5008A0BAA /* FirebaseManager.swift */ = {isa = PBXFileReference; fileEncoding = 4; lastKnownFileType = sourcecode.swift; path = FirebaseManager.swift; sourceTree = "<group>"; };
		DB44C21527803FAB008A0BAA /* FirebaseConstants.swift */ = {isa = PBXFileReference; fileEncoding = 4; lastKnownFileType = sourcecode.swift; path = FirebaseConstants.swift; sourceTree = "<group>"; };
		DB44C21827803FC0008A0BAA /* MainMessagesView.swift */ = {isa = PBXFileReference; fileEncoding = 4; lastKnownFileType = sourcecode.swift; path = MainMessagesView.swift; sourceTree = "<group>"; };
		DB44C21A27803FC6008A0BAA /* UserInfoView.swift */ = {isa = PBXFileReference; fileEncoding = 4; lastKnownFileType = sourcecode.swift; path = UserInfoView.swift; sourceTree = "<group>"; };
		DB44C21C27803FCC008A0BAA /* CreateNewMessageView.swift */ = {isa = PBXFileReference; fileEncoding = 4; lastKnownFileType = sourcecode.swift; path = CreateNewMessageView.swift; sourceTree = "<group>"; };
		DB44C21E27803FD4008A0BAA /* ChatLogView.swift */ = {isa = PBXFileReference; fileEncoding = 4; lastKnownFileType = sourcecode.swift; path = ChatLogView.swift; sourceTree = "<group>"; };
		DB44C22127803FEB008A0BAA /* LoginView.swift */ = {isa = PBXFileReference; fileEncoding = 4; lastKnownFileType = sourcecode.swift; path = LoginView.swift; sourceTree = "<group>"; };
		DB44C22327804025008A0BAA /* GoogleService-Info.plist */ = {isa = PBXFileReference; fileEncoding = 4; lastKnownFileType = text.plist.xml; path = "GoogleService-Info.plist"; sourceTree = "<group>"; };
		DB44C225278040E4008A0BAA /* ImagePicker.swift */ = {isa = PBXFileReference; fileEncoding = 4; lastKnownFileType = sourcecode.swift; path = ImagePicker.swift; sourceTree = "<group>"; };
/* End PBXFileReference section */

/* Begin PBXFrameworksBuildPhase section */
		DB44C1B0278034EE008A0BAA /* Frameworks */ = {
			isa = PBXFrameworksBuildPhase;
			buildActionMask = 2147483647;
			files = (
				DB44C20B27803ADC008A0BAA /* SDWebImageSwiftUI in Frameworks */,
				DB44C20027803AA1008A0BAA /* FirebaseMessaging in Frameworks */,
				DB44C1E827803AA1008A0BAA /* FirebaseAppCheck in Frameworks */,
				DB44C1EC27803AA1008A0BAA /* FirebaseAuthCombine-Community in Frameworks */,
				DB44C1EA27803AA1008A0BAA /* FirebaseAuth in Frameworks */,
				DB44C1F427803AA1008A0BAA /* FirebaseFirestore in Frameworks */,
				DB44C20827803AA1008A0BAA /* FirebaseStorageSwift-Beta in Frameworks */,
				DB44C1E427803AA1008A0BAA /* FirebaseAnalyticsSwift-Beta in Frameworks */,
				DB44C20627803AA1008A0BAA /* FirebaseStorageCombine-Community in Frameworks */,
				DB44C1F627803AA1008A0BAA /* FirebaseFirestoreCombine-Community in Frameworks */,
				DB44C1E627803AA1008A0BAA /* FirebaseAnalyticsWithoutAdIdSupport in Frameworks */,
				DB44C1F227803AA1008A0BAA /* FirebaseDynamicLinks in Frameworks */,
				DB44C20227803AA1008A0BAA /* FirebasePerformance in Frameworks */,
				DB44C1FA27803AA1008A0BAA /* FirebaseFunctionsCombine-Community in Frameworks */,
				DB44C20427803AA1008A0BAA /* FirebaseStorage in Frameworks */,
				DB44C1EE27803AA1008A0BAA /* FirebaseDatabase in Frameworks */,
				DB44C1F827803AA1008A0BAA /* FirebaseFirestoreSwift-Beta in Frameworks */,
				DB44C1F027803AA1008A0BAA /* FirebaseDatabaseSwift-Beta in Frameworks */,
				DB44C1E227803AA1008A0BAA /* FirebaseAnalytics in Frameworks */,
				DB44C1FC27803AA1008A0BAA /* FirebaseFunctionsSwift-Beta in Frameworks */,
				DB44C1FE27803AA1008A0BAA /* FirebaseInAppMessaging-Beta in Frameworks */,
			);
			runOnlyForDeploymentPostprocessing = 0;
		};
		DB44C1C0278034F0008A0BAA /* Frameworks */ = {
			isa = PBXFrameworksBuildPhase;
			buildActionMask = 2147483647;
			files = (
			);
			runOnlyForDeploymentPostprocessing = 0;
		};
		DB44C1CA278034F0008A0BAA /* Frameworks */ = {
			isa = PBXFrameworksBuildPhase;
			buildActionMask = 2147483647;
			files = (
			);
			runOnlyForDeploymentPostprocessing = 0;
		};
/* End PBXFrameworksBuildPhase section */

/* Begin PBXGroup section */
		DB44C1AA278034EE008A0BAA = {
			isa = PBXGroup;
			children = (
				DB44C1B5278034EE008A0BAA /* FindR */,
				DB44C1C6278034F0008A0BAA /* FindRTests */,
				DB44C1D0278034F0008A0BAA /* FindRUITests */,
				DB44C1B4278034EE008A0BAA /* Products */,
			);
			sourceTree = "<group>";
		};
		DB44C1B4278034EE008A0BAA /* Products */ = {
			isa = PBXGroup;
			children = (
				DB44C1B3278034EE008A0BAA /* FindR.app */,
				DB44C1C3278034F0008A0BAA /* FindRTests.xctest */,
				DB44C1CD278034F0008A0BAA /* FindRUITests.xctest */,
			);
			name = Products;
			sourceTree = "<group>";
		};
		DB44C1B5278034EE008A0BAA /* FindR */ = {
			isa = PBXGroup;
			children = (
				DB44C21727803FAF008A0BAA /* Utilities */,
				DB44C21227803F99008A0BAA /* Models */,
				DB44C22027803FDA008A0BAA /* Views */,
				DB44C1B8278034EE008A0BAA /* ContentView.swift */,
				DB44C1B6278034EE008A0BAA /* FindRApp.swift */,
				DB44C1BA278034F0008A0BAA /* Assets.xcassets */,
				DB44C22327804025008A0BAA /* GoogleService-Info.plist */,
				DB44C1BC278034F0008A0BAA /* Preview Content */,
			);
			path = FindR;
			sourceTree = "<group>";
		};
		DB44C1BC278034F0008A0BAA /* Preview Content */ = {
			isa = PBXGroup;
			children = (
				DB44C1BD278034F0008A0BAA /* Preview Assets.xcassets */,
			);
			path = "Preview Content";
			sourceTree = "<group>";
		};
		DB44C1C6278034F0008A0BAA /* FindRTests */ = {
			isa = PBXGroup;
			children = (
				DB44C1C7278034F0008A0BAA /* FindRTests.swift */,
			);
			path = FindRTests;
			sourceTree = "<group>";
		};
		DB44C1D0278034F0008A0BAA /* FindRUITests */ = {
			isa = PBXGroup;
			children = (
				DB44C1D1278034F0008A0BAA /* FindRUITests.swift */,
				DB44C1D3278034F0008A0BAA /* FindRUITestsLaunchTests.swift */,
			);
			path = FindRUITests;
			sourceTree = "<group>";
		};
		DB44C21227803F99008A0BAA /* Models */ = {
			isa = PBXGroup;
			children = (
				DB44C20C27803F87008A0BAA /* ChatUser.swift */,
				DB44C20E27803F8E008A0BAA /* ChatMessage.swift */,
				DB44C21027803F93008A0BAA /* RecentMessage.swift */,
			);
			path = Models;
			sourceTree = "<group>";
		};
		DB44C21727803FAF008A0BAA /* Utilities */ = {
			isa = PBXGroup;
			children = (
				DB44C225278040E4008A0BAA /* ImagePicker.swift */,
				DB44C21327803FA5008A0BAA /* FirebaseManager.swift */,
				DB44C21527803FAB008A0BAA /* FirebaseConstants.swift */,
			);
			path = Utilities;
			sourceTree = "<group>";
		};
		DB44C22027803FDA008A0BAA /* Views */ = {
			isa = PBXGroup;
			children = (
				DB44C21827803FC0008A0BAA /* MainMessagesView.swift */,
				DB44C21A27803FC6008A0BAA /* UserInfoView.swift */,
				DB44C21E27803FD4008A0BAA /* ChatLogView.swift */,
				DB44C22127803FEB008A0BAA /* LoginView.swift */,
				DB44C21C27803FCC008A0BAA /* CreateNewMessageView.swift */,
			);
			path = Views;
			sourceTree = "<group>";
		};
/* End PBXGroup section */

/* Begin PBXNativeTarget section */
		DB44C1B2278034EE008A0BAA /* FindR */ = {
			isa = PBXNativeTarget;
			buildConfigurationList = DB44C1D7278034F0008A0BAA /* Build configuration list for PBXNativeTarget "FindR" */;
			buildPhases = (
				DB44C1AF278034EE008A0BAA /* Sources */,
				DB44C1B0278034EE008A0BAA /* Frameworks */,
				DB44C1B1278034EE008A0BAA /* Resources */,
			);
			buildRules = (
			);
			dependencies = (
			);
			name = FindR;
			packageProductDependencies = (
				DB44C1E127803AA1008A0BAA /* FirebaseAnalytics */,
				DB44C1E327803AA1008A0BAA /* FirebaseAnalyticsSwift-Beta */,
				DB44C1E527803AA1008A0BAA /* FirebaseAnalyticsWithoutAdIdSupport */,
				DB44C1E727803AA1008A0BAA /* FirebaseAppCheck */,
				DB44C1E927803AA1008A0BAA /* FirebaseAuth */,
				DB44C1EB27803AA1008A0BAA /* FirebaseAuthCombine-Community */,
				DB44C1ED27803AA1008A0BAA /* FirebaseDatabase */,
				DB44C1EF27803AA1008A0BAA /* FirebaseDatabaseSwift-Beta */,
				DB44C1F127803AA1008A0BAA /* FirebaseDynamicLinks */,
				DB44C1F327803AA1008A0BAA /* FirebaseFirestore */,
				DB44C1F527803AA1008A0BAA /* FirebaseFirestoreCombine-Community */,
				DB44C1F727803AA1008A0BAA /* FirebaseFirestoreSwift-Beta */,
				DB44C1F927803AA1008A0BAA /* FirebaseFunctionsCombine-Community */,
				DB44C1FB27803AA1008A0BAA /* FirebaseFunctionsSwift-Beta */,
				DB44C1FD27803AA1008A0BAA /* FirebaseInAppMessaging-Beta */,
				DB44C1FF27803AA1008A0BAA /* FirebaseMessaging */,
				DB44C20127803AA1008A0BAA /* FirebasePerformance */,
				DB44C20327803AA1008A0BAA /* FirebaseStorage */,
				DB44C20527803AA1008A0BAA /* FirebaseStorageCombine-Community */,
				DB44C20727803AA1008A0BAA /* FirebaseStorageSwift-Beta */,
				DB44C20A27803ADC008A0BAA /* SDWebImageSwiftUI */,
			);
			productName = FindR;
			productReference = DB44C1B3278034EE008A0BAA /* FindR.app */;
			productType = "com.apple.product-type.application";
		};
		DB44C1C2278034F0008A0BAA /* FindRTests */ = {
			isa = PBXNativeTarget;
			buildConfigurationList = DB44C1DA278034F0008A0BAA /* Build configuration list for PBXNativeTarget "FindRTests" */;
			buildPhases = (
				DB44C1BF278034F0008A0BAA /* Sources */,
				DB44C1C0278034F0008A0BAA /* Frameworks */,
				DB44C1C1278034F0008A0BAA /* Resources */,
			);
			buildRules = (
			);
			dependencies = (
				DB44C1C5278034F0008A0BAA /* PBXTargetDependency */,
			);
			name = FindRTests;
			productName = FindRTests;
			productReference = DB44C1C3278034F0008A0BAA /* FindRTests.xctest */;
			productType = "com.apple.product-type.bundle.unit-test";
		};
		DB44C1CC278034F0008A0BAA /* FindRUITests */ = {
			isa = PBXNativeTarget;
			buildConfigurationList = DB44C1DD278034F0008A0BAA /* Build configuration list for PBXNativeTarget "FindRUITests" */;
			buildPhases = (
				DB44C1C9278034F0008A0BAA /* Sources */,
				DB44C1CA278034F0008A0BAA /* Frameworks */,
				DB44C1CB278034F0008A0BAA /* Resources */,
			);
			buildRules = (
			);
			dependencies = (
				DB44C1CF278034F0008A0BAA /* PBXTargetDependency */,
			);
			name = FindRUITests;
			productName = FindRUITests;
			productReference = DB44C1CD278034F0008A0BAA /* FindRUITests.xctest */;
			productType = "com.apple.product-type.bundle.ui-testing";
		};
/* End PBXNativeTarget section */

/* Begin PBXProject section */
		DB44C1AB278034EE008A0BAA /* Project object */ = {
			isa = PBXProject;
			attributes = {
				BuildIndependentTargetsInParallel = 1;
				LastSwiftUpdateCheck = 1320;
				LastUpgradeCheck = 1320;
				TargetAttributes = {
					DB44C1B2278034EE008A0BAA = {
						CreatedOnToolsVersion = 13.2.1;
					};
					DB44C1C2278034F0008A0BAA = {
						CreatedOnToolsVersion = 13.2.1;
						TestTargetID = DB44C1B2278034EE008A0BAA;
					};
					DB44C1CC278034F0008A0BAA = {
						CreatedOnToolsVersion = 13.2.1;
						TestTargetID = DB44C1B2278034EE008A0BAA;
					};
				};
			};
			buildConfigurationList = DB44C1AE278034EE008A0BAA /* Build configuration list for PBXProject "FindR" */;
			compatibilityVersion = "Xcode 13.0";
			developmentRegion = en;
			hasScannedForEncodings = 0;
			knownRegions = (
				en,
				Base,
			);
			mainGroup = DB44C1AA278034EE008A0BAA;
			packageReferences = (
				DB44C1E027803AA1008A0BAA /* XCRemoteSwiftPackageReference "firebase-ios-sdk" */,
				DB44C20927803ADC008A0BAA /* XCRemoteSwiftPackageReference "SDWebImageSwiftUI" */,
			);
			productRefGroup = DB44C1B4278034EE008A0BAA /* Products */;
			projectDirPath = "";
			projectRoot = "";
			targets = (
				DB44C1B2278034EE008A0BAA /* FindR */,
				DB44C1C2278034F0008A0BAA /* FindRTests */,
				DB44C1CC278034F0008A0BAA /* FindRUITests */,
			);
		};
/* End PBXProject section */

/* Begin PBXResourcesBuildPhase section */
		DB44C1B1278034EE008A0BAA /* Resources */ = {
			isa = PBXResourcesBuildPhase;
			buildActionMask = 2147483647;
			files = (
				DB44C1BE278034F0008A0BAA /* Preview Assets.xcassets in Resources */,
				DB44C1BB278034F0008A0BAA /* Assets.xcassets in Resources */,
				DB44C22427804025008A0BAA /* GoogleService-Info.plist in Resources */,
			);
			runOnlyForDeploymentPostprocessing = 0;
		};
		DB44C1C1278034F0008A0BAA /* Resources */ = {
			isa = PBXResourcesBuildPhase;
			buildActionMask = 2147483647;
			files = (
			);
			runOnlyForDeploymentPostprocessing = 0;
		};
		DB44C1CB278034F0008A0BAA /* Resources */ = {
			isa = PBXResourcesBuildPhase;
			buildActionMask = 2147483647;
			files = (
			);
			runOnlyForDeploymentPostprocessing = 0;
		};
/* End PBXResourcesBuildPhase section */

/* Begin PBXSourcesBuildPhase section */
		DB44C1AF278034EE008A0BAA /* Sources */ = {
			isa = PBXSourcesBuildPhase;
			buildActionMask = 2147483647;
			files = (
				DB44C226278040E4008A0BAA /* ImagePicker.swift in Sources */,
				DB44C21B27803FC6008A0BAA /* UserInfoView.swift in Sources */,
				DB44C21427803FA5008A0BAA /* FirebaseManager.swift in Sources */,
				DB44C21F27803FD4008A0BAA /* ChatLogView.swift in Sources */,
				DB44C21927803FC0008A0BAA /* MainMessagesView.swift in Sources */,
				DB44C20D27803F88008A0BAA /* ChatUser.swift in Sources */,
				DB44C20F27803F8E008A0BAA /* ChatMessage.swift in Sources */,
				DB44C22227803FEB008A0BAA /* LoginView.swift in Sources */,
				DB44C21127803F93008A0BAA /* RecentMessage.swift in Sources */,
				DB44C1B9278034EE008A0BAA /* ContentView.swift in Sources */,
				DB44C1B7278034EE008A0BAA /* FindRApp.swift in Sources */,
				DB44C21627803FAB008A0BAA /* FirebaseConstants.swift in Sources */,
				DB44C21D27803FCC008A0BAA /* CreateNewMessageView.swift in Sources */,
			);
			runOnlyForDeploymentPostprocessing = 0;
		};
		DB44C1BF278034F0008A0BAA /* Sources */ = {
			isa = PBXSourcesBuildPhase;
			buildActionMask = 2147483647;
			files = (
				DB44C1C8278034F0008A0BAA /* FindRTests.swift in Sources */,
			);
			runOnlyForDeploymentPostprocessing = 0;
		};
		DB44C1C9278034F0008A0BAA /* Sources */ = {
			isa = PBXSourcesBuildPhase;
			buildActionMask = 2147483647;
			files = (
				DB44C1D4278034F0008A0BAA /* FindRUITestsLaunchTests.swift in Sources */,
				DB44C1D2278034F0008A0BAA /* FindRUITests.swift in Sources */,
			);
			runOnlyForDeploymentPostprocessing = 0;
		};
/* End PBXSourcesBuildPhase section */

/* Begin PBXTargetDependency section */
		DB44C1C5278034F0008A0BAA /* PBXTargetDependency */ = {
			isa = PBXTargetDependency;
			target = DB44C1B2278034EE008A0BAA /* FindR */;
			targetProxy = DB44C1C4278034F0008A0BAA /* PBXContainerItemProxy */;
		};
		DB44C1CF278034F0008A0BAA /* PBXTargetDependency */ = {
			isa = PBXTargetDependency;
			target = DB44C1B2278034EE008A0BAA /* FindR */;
			targetProxy = DB44C1CE278034F0008A0BAA /* PBXContainerItemProxy */;
		};
/* End PBXTargetDependency section */

/* Begin XCBuildConfiguration section */
		DB44C1D5278034F0008A0BAA /* Debug */ = {
			isa = XCBuildConfiguration;
			buildSettings = {
				ALWAYS_SEARCH_USER_PATHS = NO;
				CLANG_ANALYZER_NONNULL = YES;
				CLANG_ANALYZER_NUMBER_OBJECT_CONVERSION = YES_AGGRESSIVE;
				CLANG_CXX_LANGUAGE_STANDARD = "gnu++17";
				CLANG_CXX_LIBRARY = "libc++";
				CLANG_ENABLE_MODULES = YES;
				CLANG_ENABLE_OBJC_ARC = YES;
				CLANG_ENABLE_OBJC_WEAK = YES;
				CLANG_WARN_BLOCK_CAPTURE_AUTORELEASING = YES;
				CLANG_WARN_BOOL_CONVERSION = YES;
				CLANG_WARN_COMMA = YES;
				CLANG_WARN_CONSTANT_CONVERSION = YES;
				CLANG_WARN_DEPRECATED_OBJC_IMPLEMENTATIONS = YES;
				CLANG_WARN_DIRECT_OBJC_ISA_USAGE = YES_ERROR;
				CLANG_WARN_DOCUMENTATION_COMMENTS = YES;
				CLANG_WARN_EMPTY_BODY = YES;
				CLANG_WARN_ENUM_CONVERSION = YES;
				CLANG_WARN_INFINITE_RECURSION = YES;
				CLANG_WARN_INT_CONVERSION = YES;
				CLANG_WARN_NON_LITERAL_NULL_CONVERSION = YES;
				CLANG_WARN_OBJC_IMPLICIT_RETAIN_SELF = YES;
				CLANG_WARN_OBJC_LITERAL_CONVERSION = YES;
				CLANG_WARN_OBJC_ROOT_CLASS = YES_ERROR;
				CLANG_WARN_QUOTED_INCLUDE_IN_FRAMEWORK_HEADER = YES;
				CLANG_WARN_RANGE_LOOP_ANALYSIS = YES;
				CLANG_WARN_STRICT_PROTOTYPES = YES;
				CLANG_WARN_SUSPICIOUS_MOVE = YES;
				CLANG_WARN_UNGUARDED_AVAILABILITY = YES_AGGRESSIVE;
				CLANG_WARN_UNREACHABLE_CODE = YES;
				CLANG_WARN__DUPLICATE_METHOD_MATCH = YES;
				COPY_PHASE_STRIP = NO;
				DEBUG_INFORMATION_FORMAT = dwarf;
				ENABLE_STRICT_OBJC_MSGSEND = YES;
				ENABLE_TESTABILITY = YES;
				GCC_C_LANGUAGE_STANDARD = gnu11;
				GCC_DYNAMIC_NO_PIC = NO;
				GCC_NO_COMMON_BLOCKS = YES;
				GCC_OPTIMIZATION_LEVEL = 0;
				GCC_PREPROCESSOR_DEFINITIONS = (
					"DEBUG=1",
					"$(inherited)",
				);
				GCC_WARN_64_TO_32_BIT_CONVERSION = YES;
				GCC_WARN_ABOUT_RETURN_TYPE = YES_ERROR;
				GCC_WARN_UNDECLARED_SELECTOR = YES;
				GCC_WARN_UNINITIALIZED_AUTOS = YES_AGGRESSIVE;
				GCC_WARN_UNUSED_FUNCTION = YES;
				GCC_WARN_UNUSED_VARIABLE = YES;
				IPHONEOS_DEPLOYMENT_TARGET = 15.2;
				MTL_ENABLE_DEBUG_INFO = INCLUDE_SOURCE;
				MTL_FAST_MATH = YES;
				ONLY_ACTIVE_ARCH = YES;
				SDKROOT = iphoneos;
				SWIFT_ACTIVE_COMPILATION_CONDITIONS = DEBUG;
				SWIFT_OPTIMIZATION_LEVEL = "-Onone";
			};
			name = Debug;
		};
		DB44C1D6278034F0008A0BAA /* Release */ = {
			isa = XCBuildConfiguration;
			buildSettings = {
				ALWAYS_SEARCH_USER_PATHS = NO;
				CLANG_ANALYZER_NONNULL = YES;
				CLANG_ANALYZER_NUMBER_OBJECT_CONVERSION = YES_AGGRESSIVE;
				CLANG_CXX_LANGUAGE_STANDARD = "gnu++17";
				CLANG_CXX_LIBRARY = "libc++";
				CLANG_ENABLE_MODULES = YES;
				CLANG_ENABLE_OBJC_ARC = YES;
				CLANG_ENABLE_OBJC_WEAK = YES;
				CLANG_WARN_BLOCK_CAPTURE_AUTORELEASING = YES;
				CLANG_WARN_BOOL_CONVERSION = YES;
				CLANG_WARN_COMMA = YES;
				CLANG_WARN_CONSTANT_CONVERSION = YES;
				CLANG_WARN_DEPRECATED_OBJC_IMPLEMENTATIONS = YES;
				CLANG_WARN_DIRECT_OBJC_ISA_USAGE = YES_ERROR;
				CLANG_WARN_DOCUMENTATION_COMMENTS = YES;
				CLANG_WARN_EMPTY_BODY = YES;
				CLANG_WARN_ENUM_CONVERSION = YES;
				CLANG_WARN_INFINITE_RECURSION = YES;
				CLANG_WARN_INT_CONVERSION = YES;
				CLANG_WARN_NON_LITERAL_NULL_CONVERSION = YES;
				CLANG_WARN_OBJC_IMPLICIT_RETAIN_SELF = YES;
				CLANG_WARN_OBJC_LITERAL_CONVERSION = YES;
				CLANG_WARN_OBJC_ROOT_CLASS = YES_ERROR;
				CLANG_WARN_QUOTED_INCLUDE_IN_FRAMEWORK_HEADER = YES;
				CLANG_WARN_RANGE_LOOP_ANALYSIS = YES;
				CLANG_WARN_STRICT_PROTOTYPES = YES;
				CLANG_WARN_SUSPICIOUS_MOVE = YES;
				CLANG_WARN_UNGUARDED_AVAILABILITY = YES_AGGRESSIVE;
				CLANG_WARN_UNREACHABLE_CODE = YES;
				CLANG_WARN__DUPLICATE_METHOD_MATCH = YES;
				COPY_PHASE_STRIP = NO;
				DEBUG_INFORMATION_FORMAT = "dwarf-with-dsym";
				ENABLE_NS_ASSERTIONS = NO;
				ENABLE_STRICT_OBJC_MSGSEND = YES;
				GCC_C_LANGUAGE_STANDARD = gnu11;
				GCC_NO_COMMON_BLOCKS = YES;
				GCC_WARN_64_TO_32_BIT_CONVERSION = YES;
				GCC_WARN_ABOUT_RETURN_TYPE = YES_ERROR;
				GCC_WARN_UNDECLARED_SELECTOR = YES;
				GCC_WARN_UNINITIALIZED_AUTOS = YES_AGGRESSIVE;
				GCC_WARN_UNUSED_FUNCTION = YES;
				GCC_WARN_UNUSED_VARIABLE = YES;
				IPHONEOS_DEPLOYMENT_TARGET = 15.2;
				MTL_ENABLE_DEBUG_INFO = NO;
				MTL_FAST_MATH = YES;
				SDKROOT = iphoneos;
				SWIFT_COMPILATION_MODE = wholemodule;
				SWIFT_OPTIMIZATION_LEVEL = "-O";
				VALIDATE_PRODUCT = YES;
			};
			name = Release;
		};
		DB44C1D8278034F0008A0BAA /* Debug */ = {
			isa = XCBuildConfiguration;
			buildSettings = {
				ASSETCATALOG_COMPILER_APPICON_NAME = AppIcon;
				ASSETCATALOG_COMPILER_GLOBAL_ACCENT_COLOR_NAME = AccentColor;
				CODE_SIGN_STYLE = Automatic;
				CURRENT_PROJECT_VERSION = 1;
				DEVELOPMENT_ASSET_PATHS = "\"FindR/Preview Content\"";
				DEVELOPMENT_TEAM = S6QK8T6Z25;
				ENABLE_PREVIEWS = YES;
				GENERATE_INFOPLIST_FILE = YES;
				INFOPLIST_KEY_UIApplicationSceneManifest_Generation = YES;
				INFOPLIST_KEY_UIApplicationSupportsIndirectInputEvents = YES;
				INFOPLIST_KEY_UILaunchScreen_Generation = YES;
				INFOPLIST_KEY_UISupportedInterfaceOrientations_iPad = "UIInterfaceOrientationPortrait UIInterfaceOrientationPortraitUpsideDown UIInterfaceOrientationLandscapeLeft UIInterfaceOrientationLandscapeRight";
				INFOPLIST_KEY_UISupportedInterfaceOrientations_iPhone = "UIInterfaceOrientationPortrait UIInterfaceOrientationLandscapeLeft UIInterfaceOrientationLandscapeRight";
				LD_RUNPATH_SEARCH_PATHS = (
					"$(inherited)",
					"@executable_path/Frameworks",
				);
				MARKETING_VERSION = 1.0;
				PRODUCT_BUNDLE_IDENTIFIER = devang.FindrR;
				PRODUCT_NAME = "$(TARGET_NAME)";
				SWIFT_EMIT_LOC_STRINGS = YES;
				SWIFT_VERSION = 5.0;
				TARGETED_DEVICE_FAMILY = "1,2";
			};
			name = Debug;
		};
		DB44C1D9278034F0008A0BAA /* Release */ = {
			isa = XCBuildConfiguration;
			buildSettings = {
				ASSETCATALOG_COMPILER_APPICON_NAME = AppIcon;
				ASSETCATALOG_COMPILER_GLOBAL_ACCENT_COLOR_NAME = AccentColor;
				CODE_SIGN_STYLE = Automatic;
				CURRENT_PROJECT_VERSION = 1;
				DEVELOPMENT_ASSET_PATHS = "\"FindR/Preview Content\"";
				DEVELOPMENT_TEAM = S6QK8T6Z25;
				ENABLE_PREVIEWS = YES;
				GENERATE_INFOPLIST_FILE = YES;
				INFOPLIST_KEY_UIApplicationSceneManifest_Generation = YES;
				INFOPLIST_KEY_UIApplicationSupportsIndirectInputEvents = YES;
				INFOPLIST_KEY_UILaunchScreen_Generation = YES;
				INFOPLIST_KEY_UISupportedInterfaceOrientations_iPad = "UIInterfaceOrientationPortrait UIInterfaceOrientationPortraitUpsideDown UIInterfaceOrientationLandscapeLeft UIInterfaceOrientationLandscapeRight";
				INFOPLIST_KEY_UISupportedInterfaceOrientations_iPhone = "UIInterfaceOrientationPortrait UIInterfaceOrientationLandscapeLeft UIInterfaceOrientationLandscapeRight";
				LD_RUNPATH_SEARCH_PATHS = (
					"$(inherited)",
					"@executable_path/Frameworks",
				);
				MARKETING_VERSION = 1.0;
				PRODUCT_BUNDLE_IDENTIFIER = devang.FindrR;
				PRODUCT_NAME = "$(TARGET_NAME)";
				SWIFT_EMIT_LOC_STRINGS = YES;
				SWIFT_VERSION = 5.0;
				TARGETED_DEVICE_FAMILY = "1,2";
			};
			name = Release;
		};
		DB44C1DB278034F0008A0BAA /* Debug */ = {
			isa = XCBuildConfiguration;
			buildSettings = {
				ALWAYS_EMBED_SWIFT_STANDARD_LIBRARIES = YES;
				BUNDLE_LOADER = "$(TEST_HOST)";
				CODE_SIGN_STYLE = Automatic;
				CURRENT_PROJECT_VERSION = 1;
				DEVELOPMENT_TEAM = S6QK8T6Z25;
				GENERATE_INFOPLIST_FILE = YES;
				IPHONEOS_DEPLOYMENT_TARGET = 15.2;
				MARKETING_VERSION = 1.0;
				PRODUCT_BUNDLE_IDENTIFIER = devang.FindRTests;
				PRODUCT_NAME = "$(TARGET_NAME)";
				SWIFT_EMIT_LOC_STRINGS = NO;
				SWIFT_VERSION = 5.0;
				TARGETED_DEVICE_FAMILY = "1,2";
				TEST_HOST = "$(BUILT_PRODUCTS_DIR)/FindR.app/FindR";
			};
			name = Debug;
		};
		DB44C1DC278034F0008A0BAA /* Release */ = {
			isa = XCBuildConfiguration;
			buildSettings = {
				ALWAYS_EMBED_SWIFT_STANDARD_LIBRARIES = YES;
				BUNDLE_LOADER = "$(TEST_HOST)";
				CODE_SIGN_STYLE = Automatic;
				CURRENT_PROJECT_VERSION = 1;
				DEVELOPMENT_TEAM = S6QK8T6Z25;
				GENERATE_INFOPLIST_FILE = YES;
				IPHONEOS_DEPLOYMENT_TARGET = 15.2;
				MARKETING_VERSION = 1.0;
				PRODUCT_BUNDLE_IDENTIFIER = devang.FindRTests;
				PRODUCT_NAME = "$(TARGET_NAME)";
				SWIFT_EMIT_LOC_STRINGS = NO;
				SWIFT_VERSION = 5.0;
				TARGETED_DEVICE_FAMILY = "1,2";
				TEST_HOST = "$(BUILT_PRODUCTS_DIR)/FindR.app/FindR";
			};
			name = Release;
		};
		DB44C1DE278034F0008A0BAA /* Debug */ = {
			isa = XCBuildConfiguration;
			buildSettings = {
				ALWAYS_EMBED_SWIFT_STANDARD_LIBRARIES = YES;
				CODE_SIGN_STYLE = Automatic;
				CURRENT_PROJECT_VERSION = 1;
				DEVELOPMENT_TEAM = S6QK8T6Z25;
				GENERATE_INFOPLIST_FILE = YES;
				MARKETING_VERSION = 1.0;
				PRODUCT_BUNDLE_IDENTIFIER = devang.FindRUITests;
				PRODUCT_NAME = "$(TARGET_NAME)";
				SWIFT_EMIT_LOC_STRINGS = NO;
				SWIFT_VERSION = 5.0;
				TARGETED_DEVICE_FAMILY = "1,2";
				TEST_TARGET_NAME = FindR;
			};
			name = Debug;
		};
		DB44C1DF278034F0008A0BAA /* Release */ = {
			isa = XCBuildConfiguration;
			buildSettings = {
				ALWAYS_EMBED_SWIFT_STANDARD_LIBRARIES = YES;
				CODE_SIGN_STYLE = Automatic;
				CURRENT_PROJECT_VERSION = 1;
				DEVELOPMENT_TEAM = S6QK8T6Z25;
				GENERATE_INFOPLIST_FILE = YES;
				MARKETING_VERSION = 1.0;
				PRODUCT_BUNDLE_IDENTIFIER = devang.FindRUITests;
				PRODUCT_NAME = "$(TARGET_NAME)";
				SWIFT_EMIT_LOC_STRINGS = NO;
				SWIFT_VERSION = 5.0;
				TARGETED_DEVICE_FAMILY = "1,2";
				TEST_TARGET_NAME = FindR;
			};
			name = Release;
		};
/* End XCBuildConfiguration section */

/* Begin XCConfigurationList section */
		DB44C1AE278034EE008A0BAA /* Build configuration list for PBXProject "FindR" */ = {
			isa = XCConfigurationList;
			buildConfigurations = (
				DB44C1D5278034F0008A0BAA /* Debug */,
				DB44C1D6278034F0008A0BAA /* Release */,
			);
			defaultConfigurationIsVisible = 0;
			defaultConfigurationName = Release;
		};
		DB44C1D7278034F0008A0BAA /* Build configuration list for PBXNativeTarget "FindR" */ = {
			isa = XCConfigurationList;
			buildConfigurations = (
				DB44C1D8278034F0008A0BAA /* Debug */,
				DB44C1D9278034F0008A0BAA /* Release */,
			);
			defaultConfigurationIsVisible = 0;
			defaultConfigurationName = Release;
		};
		DB44C1DA278034F0008A0BAA /* Build configuration list for PBXNativeTarget "FindRTests" */ = {
			isa = XCConfigurationList;
			buildConfigurations = (
				DB44C1DB278034F0008A0BAA /* Debug */,
				DB44C1DC278034F0008A0BAA /* Release */,
			);
			defaultConfigurationIsVisible = 0;
			defaultConfigurationName = Release;
		};
		DB44C1DD278034F0008A0BAA /* Build configuration list for PBXNativeTarget "FindRUITests" */ = {
			isa = XCConfigurationList;
			buildConfigurations = (
				DB44C1DE278034F0008A0BAA /* Debug */,
				DB44C1DF278034F0008A0BAA /* Release */,
			);
			defaultConfigurationIsVisible = 0;
			defaultConfigurationName = Release;
		};
/* End XCConfigurationList section */

/* Begin XCRemoteSwiftPackageReference section */
		DB44C1E027803AA1008A0BAA /* XCRemoteSwiftPackageReference "firebase-ios-sdk" */ = {
			isa = XCRemoteSwiftPackageReference;
			repositoryURL = "https://github.com/firebase/firebase-ios-sdk.git";
			requirement = {
				branch = master;
				kind = branch;
			};
		};
		DB44C20927803ADC008A0BAA /* XCRemoteSwiftPackageReference "SDWebImageSwiftUI" */ = {
			isa = XCRemoteSwiftPackageReference;
			repositoryURL = "https://github.com/SDWebImage/SDWebImageSwiftUI";
			requirement = {
				branch = master;
				kind = branch;
			};
		};
/* End XCRemoteSwiftPackageReference section */

/* Begin XCSwiftPackageProductDependency section */
		DB44C1E127803AA1008A0BAA /* FirebaseAnalytics */ = {
			isa = XCSwiftPackageProductDependency;
			package = DB44C1E027803AA1008A0BAA /* XCRemoteSwiftPackageReference "firebase-ios-sdk" */;
			productName = FirebaseAnalytics;
		};
		DB44C1E327803AA1008A0BAA /* FirebaseAnalyticsSwift-Beta */ = {
			isa = XCSwiftPackageProductDependency;
			package = DB44C1E027803AA1008A0BAA /* XCRemoteSwiftPackageReference "firebase-ios-sdk" */;
			productName = "FirebaseAnalyticsSwift-Beta";
		};
		DB44C1E527803AA1008A0BAA /* FirebaseAnalyticsWithoutAdIdSupport */ = {
			isa = XCSwiftPackageProductDependency;
			package = DB44C1E027803AA1008A0BAA /* XCRemoteSwiftPackageReference "firebase-ios-sdk" */;
			productName = FirebaseAnalyticsWithoutAdIdSupport;
		};
		DB44C1E727803AA1008A0BAA /* FirebaseAppCheck */ = {
			isa = XCSwiftPackageProductDependency;
			package = DB44C1E027803AA1008A0BAA /* XCRemoteSwiftPackageReference "firebase-ios-sdk" */;
			productName = FirebaseAppCheck;
		};
		DB44C1E927803AA1008A0BAA /* FirebaseAuth */ = {
			isa = XCSwiftPackageProductDependency;
			package = DB44C1E027803AA1008A0BAA /* XCRemoteSwiftPackageReference "firebase-ios-sdk" */;
			productName = FirebaseAuth;
		};
		DB44C1EB27803AA1008A0BAA /* FirebaseAuthCombine-Community */ = {
			isa = XCSwiftPackageProductDependency;
			package = DB44C1E027803AA1008A0BAA /* XCRemoteSwiftPackageReference "firebase-ios-sdk" */;
			productName = "FirebaseAuthCombine-Community";
		};
		DB44C1ED27803AA1008A0BAA /* FirebaseDatabase */ = {
			isa = XCSwiftPackageProductDependency;
			package = DB44C1E027803AA1008A0BAA /* XCRemoteSwiftPackageReference "firebase-ios-sdk" */;
			productName = FirebaseDatabase;
		};
		DB44C1EF27803AA1008A0BAA /* FirebaseDatabaseSwift-Beta */ = {
			isa = XCSwiftPackageProductDependency;
			package = DB44C1E027803AA1008A0BAA /* XCRemoteSwiftPackageReference "firebase-ios-sdk" */;
			productName = "FirebaseDatabaseSwift-Beta";
		};
		DB44C1F127803AA1008A0BAA /* FirebaseDynamicLinks */ = {
			isa = XCSwiftPackageProductDependency;
			package = DB44C1E027803AA1008A0BAA /* XCRemoteSwiftPackageReference "firebase-ios-sdk" */;
			productName = FirebaseDynamicLinks;
		};
		DB44C1F327803AA1008A0BAA /* FirebaseFirestore */ = {
			isa = XCSwiftPackageProductDependency;
			package = DB44C1E027803AA1008A0BAA /* XCRemoteSwiftPackageReference "firebase-ios-sdk" */;
			productName = FirebaseFirestore;
		};
		DB44C1F527803AA1008A0BAA /* FirebaseFirestoreCombine-Community */ = {
			isa = XCSwiftPackageProductDependency;
			package = DB44C1E027803AA1008A0BAA /* XCRemoteSwiftPackageReference "firebase-ios-sdk" */;
			productName = "FirebaseFirestoreCombine-Community";
		};
		DB44C1F727803AA1008A0BAA /* FirebaseFirestoreSwift-Beta */ = {
			isa = XCSwiftPackageProductDependency;
			package = DB44C1E027803AA1008A0BAA /* XCRemoteSwiftPackageReference "firebase-ios-sdk" */;
			productName = "FirebaseFirestoreSwift-Beta";
		};
		DB44C1F927803AA1008A0BAA /* FirebaseFunctionsCombine-Community */ = {
			isa = XCSwiftPackageProductDependency;
			package = DB44C1E027803AA1008A0BAA /* XCRemoteSwiftPackageReference "firebase-ios-sdk" */;
			productName = "FirebaseFunctionsCombine-Community";
		};
		DB44C1FB27803AA1008A0BAA /* FirebaseFunctionsSwift-Beta */ = {
			isa = XCSwiftPackageProductDependency;
			package = DB44C1E027803AA1008A0BAA /* XCRemoteSwiftPackageReference "firebase-ios-sdk" */;
			productName = "FirebaseFunctionsSwift-Beta";
		};
		DB44C1FD27803AA1008A0BAA /* FirebaseInAppMessaging-Beta */ = {
			isa = XCSwiftPackageProductDependency;
			package = DB44C1E027803AA1008A0BAA /* XCRemoteSwiftPackageReference "firebase-ios-sdk" */;
			productName = "FirebaseInAppMessaging-Beta";
		};
		DB44C1FF27803AA1008A0BAA /* FirebaseMessaging */ = {
			isa = XCSwiftPackageProductDependency;
			package = DB44C1E027803AA1008A0BAA /* XCRemoteSwiftPackageReference "firebase-ios-sdk" */;
			productName = FirebaseMessaging;
		};
		DB44C20127803AA1008A0BAA /* FirebasePerformance */ = {
			isa = XCSwiftPackageProductDependency;
			package = DB44C1E027803AA1008A0BAA /* XCRemoteSwiftPackageReference "firebase-ios-sdk" */;
			productName = FirebasePerformance;
		};
		DB44C20327803AA1008A0BAA /* FirebaseStorage */ = {
			isa = XCSwiftPackageProductDependency;
			package = DB44C1E027803AA1008A0BAA /* XCRemoteSwiftPackageReference "firebase-ios-sdk" */;
			productName = FirebaseStorage;
		};
		DB44C20527803AA1008A0BAA /* FirebaseStorageCombine-Community */ = {
			isa = XCSwiftPackageProductDependency;
			package = DB44C1E027803AA1008A0BAA /* XCRemoteSwiftPackageReference "firebase-ios-sdk" */;
			productName = "FirebaseStorageCombine-Community";
		};
		DB44C20727803AA1008A0BAA /* FirebaseStorageSwift-Beta */ = {
			isa = XCSwiftPackageProductDependency;
			package = DB44C1E027803AA1008A0BAA /* XCRemoteSwiftPackageReference "firebase-ios-sdk" */;
			productName = "FirebaseStorageSwift-Beta";
		};
		DB44C20A27803ADC008A0BAA /* SDWebImageSwiftUI */ = {
			isa = XCSwiftPackageProductDependency;
			package = DB44C20927803ADC008A0BAA /* XCRemoteSwiftPackageReference "SDWebImageSwiftUI" */;
			productName = SDWebImageSwiftUI;
		};
/* End XCSwiftPackageProductDependency section */
	};
	rootObject = DB44C1AB278034EE008A0BAA /* Project object */;
}
